// !$*UTF8*$!
{
	archiveVersion = 1;
	classes = {
	};
	objectVersion = 56;
	objects = {

/* Begin PBXBuildFile section */
		B07100000000000000000041 /* BOTTTApp.swift in Sources */ = {isa = PBXBuildFile; fileRef = B07100000000000000000031 /* BOTTTApp.swift */; };
		B07100000000000000000042 /* PetView.swift in Sources */ = {isa = PBXBuildFile; fileRef = B07100000000000000000032 /* PetView.swift */; };
		B07100000000000000000043 /* PetViewModel.swift in Sources */ = {isa = PBXBuildFile; fileRef = B07100000000000000000033 /* PetViewModel.swift */; };
		B07100000000000000000044 /* PetSprite.swift in Sources */ = {isa = PBXBuildFile; fileRef = B07100000000000000000034 /* PetSprite.swift */; };
		B07100000000000000000045 /* TTSProvider.swift in Sources */ = {isa = PBXBuildFile; fileRef = B07100000000000000000035 /* TTSProvider.swift */; };
		B07100000000000000000046 /* AppleSpeechTTS.swift in Sources */ = {isa = PBXBuildFile; fileRef = B07100000000000000000036 /* AppleSpeechTTS.swift */; };
		B0710000000000000000004B /* LocalModelTTS.swift in Sources */ = {isa = PBXBuildFile; fileRef = B0710000000000000000003B /* LocalModelTTS.swift */; };
		B0710000000000000000004C /* SpeechBridge.swift in Sources */ = {isa = PBXBuildFile; fileRef = B0710000000000000000003C /* SpeechBridge.swift */; };
		B07100000000000000000048 /* TTSRegistry.swift in Sources */ = {isa = PBXBuildFile; fileRef = B07100000000000000000038 /* TTSRegistry.swift */; };
		B07100000000000000000049 /* main.swift in Sources */ = {isa = PBXBuildFile; fileRef = B07100000000000000000039 /* main.swift */; };
		B0710000000000000000004A /* SayServer.swift in Sources */ = {isa = PBXBuildFile; fileRef = B0710000000000000000003A /* SayServer.swift */; };
/* End PBXBuildFile section */

/* Begin PBXFileReference section */
		B07100000000000000000020 /* BOTTT.app */ = {isa = PBXFileReference; explicitFileType = wrapper.application; includeInIndex = 0; path = BOTTT.app; sourceTree = BUILT_PRODUCTS_DIR; };
		B07100000000000000000031 /* BOTTTApp.swift */ = {isa = PBXFileReference; lastKnownFileType = sourcecode.swift; path = BOTTTApp.swift; sourceTree = "<group>"; };
		B07100000000000000000032 /* PetView.swift */ = {isa = PBXFileReference; lastKnownFileType = sourcecode.swift; path = PetView.swift; sourceTree = "<group>"; };
		B07100000000000000000033 /* PetViewModel.swift */ = {isa = PBXFileReference; lastKnownFileType = sourcecode.swift; path = PetViewModel.swift; sourceTree = "<group>"; };
		B07100000000000000000034 /* PetSprite.swift */ = {isa = PBXFileReference; lastKnownFileType = sourcecode.swift; path = PetSprite.swift; sourceTree = "<group>"; };
		B07100000000000000000035 /* TTSProvider.swift */ = {isa = PBXFileReference; lastKnownFileType = sourcecode.swift; path = TTSProvider.swift; sourceTree = "<group>"; };
		B07100000000000000000036 /* AppleSpeechTTS.swift */ = {isa = PBXFileReference; lastKnownFileType = sourcecode.swift; path = AppleSpeechTTS.swift; sourceTree = "<group>"; };
		B0710000000000000000003B /* LocalModelTTS.swift */ = {isa = PBXFileReference; lastKnownFileType = sourcecode.swift; path = LocalModelTTS.swift; sourceTree = "<group>"; };
		B0710000000000000000003C /* SpeechBridge.swift */ = {isa = PBXFileReference; lastKnownFileType = sourcecode.swift; path = SpeechBridge.swift; sourceTree = "<group>"; };
		B07100000000000000000038 /* TTSRegistry.swift */ = {isa = PBXFileReference; lastKnownFileType = sourcecode.swift; path = TTSRegistry.swift; sourceTree = "<group>"; };
		B07100000000000000000021 /* bottt */ = {isa = PBXFileReference; explicitFileType = "compiled.mach-o.executable"; includeInIndex = 0; path = bottt; sourceTree = BUILT_PRODUCTS_DIR; };
		B07100000000000000000039 /* main.swift */ = {isa = PBXFileReference; lastKnownFileType = sourcecode.swift; path = main.swift; sourceTree = "<group>"; };
		B0710000000000000000003A /* SayServer.swift */ = {isa = PBXFileReference; lastKnownFileType = sourcecode.swift; path = SayServer.swift; sourceTree = "<group>"; };
/* End PBXFileReference section */

/* Begin PBXFrameworksBuildPhase section */
		B07100000000000000000012 /* Frameworks */ = {
			isa = PBXFrameworksBuildPhase;
			buildActionMask = 2147483647;
			files = (
			);
			runOnlyForDeploymentPostprocessing = 0;
		};
/* End PBXFrameworksBuildPhase section */

/* Begin PBXGroup section */
		B07100000000000000000002 = {
			isa = PBXGroup;
			children = (
				B07100000000000000000007 /* BOTTT */,
				B07100000000000000000008 /* cli */,
				B07100000000000000000003 /* Products */,
			);
			sourceTree = "<group>";
		};
		B07100000000000000000003 /* Products */ = {
			isa = PBXGroup;
			children = (
				B07100000000000000000020 /* BOTTT.app */,
				B07100000000000000000021 /* bottt */,
			);
			name = Products;
			sourceTree = "<group>";
		};
		B07100000000000000000004 /* App */ = {
			isa = PBXGroup;
			children = (
				B07100000000000000000031 /* BOTTTApp.swift */,
				B0710000000000000000003A /* SayServer.swift */,
			);
			path = App;
			sourceTree = "<group>";
		};
		B07100000000000000000005 /* Pet */ = {
			isa = PBXGroup;
			children = (
				B07100000000000000000032 /* PetView.swift */,
				B07100000000000000000033 /* PetViewModel.swift */,
				B07100000000000000000034 /* PetSprite.swift */,
			);
			path = Pet;
			sourceTree = "<group>";
		};
		B07100000000000000000006 /* TTS */ = {
			isa = PBXGroup;
			children = (
				B07100000000000000000035 /* TTSProvider.swift */,
				B07100000000000000000036 /* AppleSpeechTTS.swift */,
				B0710000000000000000003B /* LocalModelTTS.swift */,
				B0710000000000000000003C /* SpeechBridge.swift */,
				B07100000000000000000038 /* TTSRegistry.swift */,
			);
			path = TTS;
			sourceTree = "<group>";
		};
		B07100000000000000000007 /* BOTTT */ = {
			isa = PBXGroup;
			children = (
				B07100000000000000000004 /* App */,
				B07100000000000000000005 /* Pet */,
				B07100000000000000000006 /* TTS */,
			);
			path = BOTTT;
			sourceTree = "<group>";
		};
		B07100000000000000000008 /* cli */ = {
			isa = PBXGroup;
			children = (
				B07100000000000000000039 /* main.swift */,
			);
			path = cli;
			sourceTree = "<group>";
		};
/* End PBXGroup section */

/* Begin PBXNativeTarget section */
		B07100000000000000000010 /* BOTTT */ = {
			isa = PBXNativeTarget;
			buildConfigurationList = B07100000000000000000051 /* Build configuration list for PBXNativeTarget "BOTTT" */;
			buildPhases = (
				B07100000000000000000011 /* Sources */,
				B07100000000000000000012 /* Frameworks */,
				B07100000000000000000013 /* Resources */,
				B07100000000000000000017 /* Embed bottt */,
			);
			buildRules = (
			);
			dependencies = (
				B07100000000000000000071 /* PBXTargetDependency */,
			);
			name = BOTTT;
			productName = BOTTT;
			productReference = B07100000000000000000020 /* BOTTT.app */;
			productType = "com.apple.product-type.application";
		};
/* End PBXNativeTarget section */

/* Begin PBXNativeTarget section */
		B07100000000000000000016 /* bottt-cli */ = {
			isa = PBXNativeTarget;
			buildConfigurationList = B07100000000000000000060 /* Build configuration list for PBXNativeTarget "bottt-cli" */;
			buildPhases = (
				B07100000000000000000014 /* Sources */,
				B07100000000000000000015 /* Copy bottt */,
			);
			buildRules = (
			);
			dependencies = (
			);
			name = bottt-cli;
			productName = bottt;
			productReference = B07100000000000000000021 /* bottt */;
			productType = "com.apple.product-type.tool";
		};
/* End PBXNativeTarget section */

/* Begin PBXProject section */
		B07100000000000000000001 /* Project object */ = {
			isa = PBXProject;
			attributes = {
				BuildIndependentTargetsInParallel = 1;
				LastSwiftUpdateCheck = 2700;
				LastUpgradeCheck = 2700;
				ORGANIZATIONNAME = BOTTT;
			};
			buildConfigurationList = B07100000000000000000050 /* Build configuration list for PBXProject "BOTTT" */;
			compatibilityVersion = "Xcode 14.0";
			developmentRegion = en;
			hasScannedForEncodings = 0;
			knownRegions = (
				en,
				Base,
			);
			mainGroup = B07100000000000000000002;
			productRefGroup = B07100000000000000000003 /* Products */;
			projectDirPath = "";
			projectRoot = "";
			targets = (
				B07100000000000000000010 /* BOTTT */,
				B07100000000000000000016 /* bottt-cli */,
			);
		};
/* End PBXProject section */

/* Begin PBXShellScriptBuildPhase section */
		B07100000000000000000017 /* Embed bottt */ = {
			isa = PBXShellScriptBuildPhase;
			buildActionMask = 2147483647;
			files = (
			);
			inputPaths = (
				"$(BUILT_PRODUCTS_DIR)/bottt",
				"$(SRCROOT)/tts/speech_worker.py",
			);
			name = "Embed bottt";
			outputPaths = (
				"$(TARGET_BUILD_DIR)/$(WRAPPER_NAME)/Contents/Resources/bottt",
				"$(TARGET_BUILD_DIR)/$(WRAPPER_NAME)/Contents/Resources/tts/speech_worker.py",
			);
			runOnlyForDeploymentPostprocessing = 0;
			shellPath = /bin/sh;
			shellScript = "set -e\nAPP=\"${TARGET_BUILD_DIR}/${WRAPPER_NAME}\"\nmkdir -p \"${APP}/Contents/Resources/tts\"\ncp -f \"${BUILT_PRODUCTS_DIR}/bottt\" \"${APP}/Contents/Resources/bottt\"\nchmod +x \"${APP}/Contents/Resources/bottt\"\ncp -f \"${SRCROOT}/tts/speech_worker.py\" \"${APP}/Contents/Resources/tts/speech_worker.py\"\ncodesign --force --sign - \"${APP}/Contents/Resources/bottt\"\n";
		};
		B07100000000000000000015 /* Copy bottt */ = {
			isa = PBXShellScriptBuildPhase;
			buildActionMask = 2147483647;
			files = (
			);
			inputPaths = (
				"$(BUILT_PRODUCTS_DIR)/bottt",
			);
			name = "Copy bottt";
			outputPaths = (
				"$(SRCROOT)/.build/bottt",
			);
			runOnlyForDeploymentPostprocessing = 0;
			shellPath = /bin/sh;
			shellScript = "mkdir -p \"${SRCROOT}/.build\"\ncp -f \"${BUILT_PRODUCTS_DIR}/bottt\" \"${SRCROOT}/.build/bottt\"\nchmod +x \"${SRCROOT}/.build/bottt\"\ncodesign --force --sign - \"${SRCROOT}/.build/bottt\"\n";
		};
/* End PBXShellScriptBuildPhase section */

/* Begin PBXSourcesBuildPhase section */
		B07100000000000000000014 /* Sources */ = {
			isa = PBXSourcesBuildPhase;
			buildActionMask = 2147483647;
			files = (
				B07100000000000000000049 /* main.swift in Sources */,
			);
			runOnlyForDeploymentPostprocessing = 0;
		};
/* End PBXSourcesBuildPhase section */

/* Begin PBXTargetDependency section */
		B07100000000000000000071 /* PBXTargetDependency */ = {
			isa = PBXTargetDependency;
			target = B07100000000000000000016 /* bottt */;
			targetProxy = B07100000000000000000070 /* PBXContainerItemProxy */;
		};
/* End PBXTargetDependency section */

/* Begin PBXContainerItemProxy section */
		B07100000000000000000070 /* PBXContainerItemProxy */ = {
			isa = PBXContainerItemProxy;
			containerPortal = B07100000000000000000001 /* Project object */;
			proxyType = 1;
			remoteGlobalIDString = B07100000000000000000016;
			remoteInfo = bottt-cli;
		};
/* End PBXContainerItemProxy section */

/* Begin PBXResourcesBuildPhase section */
		B07100000000000000000013 /* Resources */ = {
			isa = PBXResourcesBuildPhase;
			buildActionMask = 2147483647;
			files = (
			);
			runOnlyForDeploymentPostprocessing = 0;
		};
/* End PBXResourcesBuildPhase section */

/* Begin PBXSourcesBuildPhase section */
		B07100000000000000000011 /* Sources */ = {
			isa = PBXSourcesBuildPhase;
			buildActionMask = 2147483647;
			files = (
				B07100000000000000000041 /* BOTTTApp.swift in Sources */,
				B07100000000000000000042 /* PetView.swift in Sources */,
				B07100000000000000000043 /* PetViewModel.swift in Sources */,
				B07100000000000000000044 /* PetSprite.swift in Sources */,
				B07100000000000000000045 /* TTSProvider.swift in Sources */,
				B07100000000000000000046 /* AppleSpeechTTS.swift in Sources */,
				B0710000000000000000004B /* LocalModelTTS.swift in Sources */,
				B0710000000000000000004C /* SpeechBridge.swift in Sources */,
				B07100000000000000000048 /* TTSRegistry.swift in Sources */,
				B0710000000000000000004A /* SayServer.swift in Sources */,
			);
			runOnlyForDeploymentPostprocessing = 0;
		};
/* End PBXSourcesBuildPhase section */

/* Begin XCBuildConfiguration section */
		B07100000000000000000052 /* Debug */ = {
			isa = XCBuildConfiguration;
			buildSettings = {
				ALWAYS_SEARCH_USER_PATHS = NO;
				CLANG_ENABLE_MODULES = YES;
				COPY_PHASE_STRIP = NO;
				DEBUG_INFORMATION_FORMAT = dwarf;
				ENABLE_STRICT_OBJC_MSGSEND = YES;
				ENABLE_TESTABILITY = YES;
				GCC_DYNAMIC_NO_PIC = NO;
				GCC_NO_COMMON_BLOCKS = YES;
				GCC_OPTIMIZATION_LEVEL = 0;
				MACOSX_DEPLOYMENT_TARGET = 15.0;
				ONLY_ACTIVE_ARCH = YES;
				SDKROOT = macosx;
				SWIFT_ACTIVE_COMPILATION_CONDITIONS = "DEBUG $(inherited)";
				SWIFT_OPTIMIZATION_LEVEL = "-Onone";
				SWIFT_VERSION = 5.0;
			};
			name = Debug;
		};
		B07100000000000000000053 /* Release */ = {
			isa = XCBuildConfiguration;
			buildSettings = {
				ALWAYS_SEARCH_USER_PATHS = NO;
				CLANG_ENABLE_MODULES = YES;
				COPY_PHASE_STRIP = NO;
				DEBUG_INFORMATION_FORMAT = "dwarf-with-dsym";
				ENABLE_NS_ASSERTIONS = NO;
				ENABLE_STRICT_OBJC_MSGSEND = YES;
				GCC_NO_COMMON_BLOCKS = YES;
				MACOSX_DEPLOYMENT_TARGET = 15.0;
				SDKROOT = macosx;
				SWIFT_COMPILATION_MODE = wholemodule;
				SWIFT_VERSION = 5.0;
			};
			name = Release;
		};
		B07100000000000000000054 /* Debug */ = {
			isa = XCBuildConfiguration;
			buildSettings = {
				CODE_SIGN_IDENTITY = "-";
				CODE_SIGN_STYLE = Manual;
				CODE_SIGNING_ALLOWED = YES;
				CODE_SIGNING_REQUIRED = NO;
				COMBINE_HIDPI_IMAGES = YES;
				CURRENT_PROJECT_VERSION = 1;
				DEVELOPMENT_TEAM = "";
				ENABLE_APP_SANDBOX = NO;
				ENABLE_HARDENED_RUNTIME = NO;
				ENABLE_PREVIEWS = YES;
				ENABLE_USER_SCRIPT_SANDBOXING = NO;
				GENERATE_INFOPLIST_FILE = YES;
				INFOPLIST_KEY_CFBundleDisplayName = BOTTT;
				INFOPLIST_KEY_LSApplicationCategoryType = "public.app-category.entertainment";
				INFOPLIST_KEY_NSHighResolutionCapable = YES;
				INFOPLIST_KEY_NSPrincipalClass = NSApplication;
				LD_RUNPATH_SEARCH_PATHS = (
					"$(inherited)",
					"@executable_path/../Frameworks",
				);
				MACOSX_DEPLOYMENT_TARGET = 15.0;
				MARKETING_VERSION = 1.0;
				PRODUCT_BUNDLE_IDENTIFIER = local.bottt.desktop;
				PRODUCT_NAME = "$(TARGET_NAME)";
				SDKROOT = macosx;
				SUPPORTED_PLATFORMS = macosx;
				SWIFT_EMIT_LOC_STRINGS = YES;
				SWIFT_VERSION = 5.0;
			};
			name = Debug;
		};
		B07100000000000000000055 /* Release */ = {
			isa = XCBuildConfiguration;
			buildSettings = {
				CODE_SIGN_IDENTITY = "-";
				CODE_SIGN_STYLE = Manual;
				CODE_SIGNING_ALLOWED = YES;
				CODE_SIGNING_REQUIRED = NO;
				COMBINE_HIDPI_IMAGES = YES;
				CURRENT_PROJECT_VERSION = 1;
				DEVELOPMENT_TEAM = "";
				ENABLE_APP_SANDBOX = NO;
				ENABLE_HARDENED_RUNTIME = NO;
				ENABLE_PREVIEWS = YES;
				ENABLE_USER_SCRIPT_SANDBOXING = NO;
				GENERATE_INFOPLIST_FILE = YES;
				INFOPLIST_KEY_CFBundleDisplayName = BOTTT;
				INFOPLIST_KEY_LSApplicationCategoryType = "public.app-category.entertainment";
				INFOPLIST_KEY_NSHighResolutionCapable = YES;
				INFOPLIST_KEY_NSPrincipalClass = NSApplication;
				LD_RUNPATH_SEARCH_PATHS = (
					"$(inherited)",
					"@executable_path/../Frameworks",
				);
				MACOSX_DEPLOYMENT_TARGET = 15.0;
				MARKETING_VERSION = 1.0;
				PRODUCT_BUNDLE_IDENTIFIER = local.bottt.desktop;
				PRODUCT_NAME = "$(TARGET_NAME)";
				SDKROOT = macosx;
				SUPPORTED_PLATFORMS = macosx;
				SWIFT_EMIT_LOC_STRINGS = YES;
				SWIFT_VERSION = 5.0;
			};
			name = Release;
		};
		B07100000000000000000061 /* Debug */ = {
			isa = XCBuildConfiguration;
			buildSettings = {
				CODE_SIGN_IDENTITY = "-";
				CODE_SIGN_STYLE = Manual;
				CODE_SIGNING_ALLOWED = YES;
				CODE_SIGNING_REQUIRED = NO;
				CURRENT_PROJECT_VERSION = 1;
				DEVELOPMENT_TEAM = "";
				ENABLE_APP_SANDBOX = NO;
				GENERATE_INFOPLIST_FILE = NO;
				MACOSX_DEPLOYMENT_TARGET = 15.0;
				MARKETING_VERSION = 1.0;
				PRODUCT_BUNDLE_IDENTIFIER = local.bottt.say;
				PRODUCT_MODULE_NAME = bottt_cli;
				PRODUCT_NAME = bottt;
				SDKROOT = macosx;
				ENABLE_USER_SCRIPT_SANDBOXING = NO;
				SKIP_INSTALL = YES;
				SWIFT_VERSION = 5.0;
			};
			name = Debug;
		};
		B07100000000000000000062 /* Release */ = {
			isa = XCBuildConfiguration;
			buildSettings = {
				CODE_SIGN_IDENTITY = "-";
				CODE_SIGN_STYLE = Manual;
				CODE_SIGNING_ALLOWED = YES;
				CODE_SIGNING_REQUIRED = NO;
				CURRENT_PROJECT_VERSION = 1;
				DEVELOPMENT_TEAM = "";
				ENABLE_APP_SANDBOX = NO;
				GENERATE_INFOPLIST_FILE = NO;
				MACOSX_DEPLOYMENT_TARGET = 15.0;
				MARKETING_VERSION = 1.0;
				PRODUCT_BUNDLE_IDENTIFIER = local.bottt.say;
				PRODUCT_MODULE_NAME = bottt_cli;
				PRODUCT_NAME = bottt;
				SDKROOT = macosx;
				ENABLE_USER_SCRIPT_SANDBOXING = NO;
				SKIP_INSTALL = YES;
				SWIFT_VERSION = 5.0;
			};
			name = Release;
		};
/* End XCBuildConfiguration section */

/* Begin XCConfigurationList section */
		B07100000000000000000050 /* Build configuration list for PBXProject "BOTTT" */ = {
			isa = XCConfigurationList;
			buildConfigurations = (
				B07100000000000000000052 /* Debug */,
				B07100000000000000000053 /* Release */,
			);
			defaultConfigurationIsVisible = 0;
			defaultConfigurationName = Release;
		};
		B07100000000000000000051 /* Build configuration list for PBXNativeTarget "BOTTT" */ = {
			isa = XCConfigurationList;
			buildConfigurations = (
				B07100000000000000000054 /* Debug */,
				B07100000000000000000055 /* Release */,
			);
			defaultConfigurationIsVisible = 0;
			defaultConfigurationName = Release;
		};
		B07100000000000000000060 /* Build configuration list for PBXNativeTarget "bottt-cli" */ = {
			isa = XCConfigurationList;
			buildConfigurations = (
				B07100000000000000000061 /* Debug */,
				B07100000000000000000062 /* Release */,
			);
			defaultConfigurationIsVisible = 0;
			defaultConfigurationName = Release;
		};
/* End XCConfigurationList section */
	};
	rootObject = B07100000000000000000001 /* Project object */;
}
